
Microsoft Visual Studio Solution File, Format Version 12.00
# Visual Studio 15
Project("{FAE04EC0-301F-11D3-BF4B-00C04F79EFBC}") = "Bank", "Bank\Bank.csproj", "{B61B2979-21D3-4477-AE28-27A4FB277165}"
EndProject
Project("{FAE04EC0-301F-11D3-BF4B-00C04F79EFBC}") = "BankTests", "BankTests\BankTests.csproj", "{A3390AFA-1653-4D23-9BB7-E57F8F89C68F}"
EndProject
Global
	GlobalSection(SolutionConfigurationPlatforms) = preSolution
		Debug|Any CPU = Debug|Any CPU
		Release|Any CPU = Release|Any CPU
	EndGlobalSection
	GlobalSection(ProjectConfigurationPlatforms) = postSolution
		{B61B2979-21D3-4477-AE28-27A4FB277165}.Debug|Any CPU.ActiveCfg = Debug|Any CPU
		{B61B2979-21D3-4477-AE28-27A4FB277165}.Debug|Any CPU.Build.0 = Debug|Any CPU
		{B61B2979-21D3-4477-AE28-27A4FB277165}.Release|Any CPU.ActiveCfg = Release|Any CPU
		{B61B2979-21D3-4477-AE28-27A4FB277165}.Release|Any CPU.Build.0 = Release|Any CPU
		{A3390AFA-1653-4D23-9BB7-E57F8F89C68F}.Debug|Any CPU.ActiveCfg = Debug|Any CPU
		{A3390AFA-1653-4D23-9BB7-E57F8F89C68F}.Debug|Any CPU.Build.0 = Debug|Any CPU
		{A3390AFA-1653-4D23-9BB7-E57F8F89C68F}.Release|Any CPU.ActiveCfg = Release|Any CPU
		{A3390AFA-1653-4D23-9BB7-E57F8F89C68F}.Release|Any CPU.Build.0 = Release|Any CPU
	EndGlobalSection
EndGlobal
